{
  "name": "snakesandladders-web",
  "lockfileVersion": 3,
  "requires": true,
  "packages": {
    "": {
      "dependencies": {
        "@mdi/font": "^7.4.47",
        "p5": "^1.11.1"
      }
    },
    "node_modules/@mdi/font": {
      "version": "7.4.47",
      "resolved": "https://registry.npmjs.org/@mdi/font/-/font-7.4.47.tgz",
      "integrity": "sha512-43MtGpd585SNzHZPcYowu/84Vz2a2g31TvPMTm9uTiCSWzaheQySUcSyUH/46fPnuPQWof2yd0pGBtzee/IQWw==",
      "license": "Apache-2.0"
    },
    "node_modules/p5": {
      "version": "1.11.1",
      "resolved": "https://registry.npmjs.org/p5/-/p5-1.11.1.tgz",
      "integrity": "sha512-JWvOwAgInsuSOjzMwAtaiN8gMLzhR1jcyosytNeftH0vnTkywfIyFfVYFfsLSsh6B+DYuqJYu1SVcfkuvrYi1Q==",
      "license": "LGPL-2.1"
    }
  }
}
